
Microsoft Visual Studio Solution File, Format Version 12.00
# Visual Studio 15
VisualStudioVersion = 15.0.27130.2010
MinimumVisualStudioVersion = 10.0.40219.1
Project("{FAE04EC0-301F-11D3-BF4B-00C04F79EFBC}") = "ContosoUniversity", "ContosoUniversity\ContosoUniversity.csproj", "{BC0DBE84-5D76-4F3C-ACB5-C5D6F3A0A686}"
EndProject
Global
	GlobalSection(SolutionConfigurationPlatforms) = preSolution
		Debug|Any CPU = Debug|Any CPU
		Release|Any CPU = Release|Any CPU
	EndGlobalSection
	GlobalSection(ProjectConfigurationPlatforms) = postSolution
		{BC0DBE84-5D76-4F3C-ACB5-C5D6F3A0A686}.Debug|Any CPU.ActiveCfg = Debug|Any CPU
		{BC0DBE84-5D76-4F3C-ACB5-C5D6F3A0A686}.Debug|Any CPU.Build.0 = Debug|Any CPU
		{BC0DBE84-5D76-4F3C-ACB5-C5D6F3A0A686}.Release|Any CPU.ActiveCfg = Release|Any CPU
		{BC0DBE84-5D76-4F3C-ACB5-C5D6F3A0A686}.Release|Any CPU.Build.0 = Release|Any CPU
	EndGlobalSection
	GlobalSection(SolutionProperties) = preSolution
		HideSolutionNode = FALSE
	EndGlobalSection
	GlobalSection(ExtensibilityGlobals) = postSolution
		SolutionGuid = {686707E3-1239-4B5E-8B61-991F977DC156}
	EndGlobalSection
EndGlobal
